
Microsoft Visual Studio Solution File, Format Version 12.00
# Visual Studio 15
VisualStudioVersion = 15.0.27130.2036
MinimumVisualStudioVersion = 10.0.40219.1
Project("{FAE04EC0-301F-11D3-BF4B-00C04F79EFBC}") = "Desafio.NET.Repository.Abstractions", "Desafio.NET.Repository.Abstractions\Desafio.NET.Repository.Abstractions.csproj", "{B1AB48CC-2FC7-4983-8AF0-0D1B122CD5A6}"
EndProject
Project("{2150E333-8FDC-42A3-9474-1A3956D46DE8}") = "01.Infraestructure", "01.Infraestructure", "{37304914-1EBE-409A-BD95-57FAAFD67896}"
EndProject
Project("{2150E333-8FDC-42A3-9474-1A3956D46DE8}") = "05.Presentation", "05.Presentation", "{C6BDD4E5-1958-4E51-A798-D9912E341523}"
EndProject
Project("{2150E333-8FDC-42A3-9474-1A3956D46DE8}") = "03.Application", "03.Application", "{470BB303-3AA7-450A-B8CE-5E892EFC0A13}"
EndProject
Project("{2150E333-8FDC-42A3-9474-1A3956D46DE8}") = "02.Domain", "02.Domain", "{1081FBEB-2268-494F-85A6-203F51E30B82}"
EndProject
Project("{2150E333-8FDC-42A3-9474-1A3956D46DE8}") = "Common", "Common", "{DE7F63B6-851D-412B-9E19-DEBE71CC95D5}"
EndProject
Project("{FAE04EC0-301F-11D3-BF4B-00C04F79EFBC}") = "Desafio.NET.ApplicationServices.Abstractions", "Desafio.NET.ApplicationServices.Abstractions\Desafio.NET.ApplicationServices.Abstractions.csproj", "{8BC659ED-7C8B-4942-8A39-390C0F6EC007}"
EndProject
Project("{FAE04EC0-301F-11D3-BF4B-00C04F79EFBC}") = "Desafio.NET.ApplicationServices", "Desafio.NET.ApplicationServices\Desafio.NET.ApplicationServices.csproj", "{C87D1BD3-CC65-4E14-B9D5-E186AAE4CF8C}"
EndProject
Project("{2150E333-8FDC-42A3-9474-1A3956D46DE8}") = "04.IoC", "04.IoC", "{45B13234-D4AA-4BDF-9B66-AA087041A6D1}"
EndProject
Project("{2150E333-8FDC-42A3-9474-1A3956D46DE8}") = "Migrations", "Migrations", "{04DB5595-65E5-4632-B9E7-0D3937FD28C8}"
EndProject
Project("{00D1A9C2-B5F0-4AF3-8072-F6C62B433612}") = "Desafio.NET.Database", "Desafio.NET.Database\Desafio.NET.Database.sqlproj", "{1F0F7243-7874-4BC7-83ED-677E9EC2475F}"
EndProject
Project("{FAE04EC0-301F-11D3-BF4B-00C04F79EFBC}") = "Desafio.NET.Domain.Services", "Desafio.NET.Domain.Services\Desafio.NET.Domain.Services.csproj", "{CE2F1661-C31F-428E-9559-EC4062CFF2C8}"
EndProject
Project("{FAE04EC0-301F-11D3-BF4B-00C04F79EFBC}") = "Desafio.NET.Domain.Services.Abstractions", "Desafio.NET.Domain.Services.Abstractions\Desafio.NET.Domain.Services.Abstractions.csproj", "{4DF08483-7218-4FDD-A032-7583E81D1D57}"
EndProject
Project("{FAE04EC0-301F-11D3-BF4B-00C04F79EFBC}") = "Desafio.NET.Domain.Entities", "Desafio.NET.Domain.Entities\Desafio.NET.Domain.Entities.csproj", "{7F23200A-7FC9-417C-B985-3E088A1740B9}"
EndProject
Project("{2150E333-8FDC-42A3-9474-1A3956D46DE8}") = "Repositories", "Repositories", "{50F7F63C-6DA2-4CDB-AD15-94CDF2A7C2BF}"
EndProject
Project("{FAE04EC0-301F-11D3-BF4B-00C04F79EFBC}") = "Desafio.NET.Repository", "Desafio.NET.Repository\Desafio.NET.Repository.csproj", "{34DE7455-60ED-42E8-A028-54C746462CE4}"
EndProject
Project("{FAE04EC0-301F-11D3-BF4B-00C04F79EFBC}") = "Desafio.NET.WebAPI", "Desafio.NET.WebAPI\Desafio.NET.WebAPI.csproj", "{186A1D42-D02E-44F6-9540-D99BF642271E}"
EndProject
Project("{FAE04EC0-301F-11D3-BF4B-00C04F79EFBC}") = "Desafio.NET.DependencyInjection", "Desafio.NET.DependencyInjection\Desafio.NET.DependencyInjection.csproj", "{D4F38EBB-F4B5-425F-909E-5405F58ECC1A}"
EndProject
Project("{FAE04EC0-301F-11D3-BF4B-00C04F79EFBC}") = "Desafio.NET.Infraestructure.Common", "Desafio.NET.Infraestructure.Common\Desafio.NET.Infraestructure.Common.csproj", "{2871E474-EC02-4229-994A-A385DC7A36EF}"
EndProject
Project("{2150E333-8FDC-42A3-9474-1A3956D46DE8}") = "00.Solution Items", "00.Solution Items", "{8E2FF55D-541B-47B0-93C1-2A12DEA5A346}"
	ProjectSection(SolutionItems) = preProject
		CodeMap.dgml = CodeMap.dgml
	EndProjectSection
EndProject
Project("{2150E333-8FDC-42A3-9474-1A3956D46DE8}") = "Tests", "Tests", "{D19ED475-AC9E-474B-8569-CF1620AFC918}"
EndProject
Project("{FAE04EC0-301F-11D3-BF4B-00C04F79EFBC}") = "Desafio.NET.Domain.Services.Tests", "Desafio.NET.Domain.Services.Tests\Desafio.NET.Domain.Services.Tests.csproj", "{6C7B9E21-FD32-4EF0-8A4C-B8752F1DDC3C}"
EndProject
Project("{2150E333-8FDC-42A3-9474-1A3956D46DE8}") = "Tests", "Tests", "{F1F12294-C9BD-4783-A8CB-B2FC272DC885}"
EndProject
Project("{FAE04EC0-301F-11D3-BF4B-00C04F79EFBC}") = "Desafio.NET.ApplicationServices.Tests", "Desafio.NET.ApplicationServices.Tests\Desafio.NET.ApplicationServices.Tests.csproj", "{166BA235-5D1B-4E72-BE4E-3EDA55AFCDA6}"
EndProject
Global
	GlobalSection(SolutionConfigurationPlatforms) = preSolution
		Debug|Any CPU = Debug|Any CPU
		Release|Any CPU = Release|Any CPU
	EndGlobalSection
	GlobalSection(ProjectConfigurationPlatforms) = postSolution
		{B1AB48CC-2FC7-4983-8AF0-0D1B122CD5A6}.Debug|Any CPU.ActiveCfg = Debug|Any CPU
		{B1AB48CC-2FC7-4983-8AF0-0D1B122CD5A6}.Debug|Any CPU.Build.0 = Debug|Any CPU
		{B1AB48CC-2FC7-4983-8AF0-0D1B122CD5A6}.Release|Any CPU.ActiveCfg = Release|Any CPU
		{B1AB48CC-2FC7-4983-8AF0-0D1B122CD5A6}.Release|Any CPU.Build.0 = Release|Any CPU
		{8BC659ED-7C8B-4942-8A39-390C0F6EC007}.Debug|Any CPU.ActiveCfg = Debug|Any CPU
		{8BC659ED-7C8B-4942-8A39-390C0F6EC007}.Debug|Any CPU.Build.0 = Debug|Any CPU
		{8BC659ED-7C8B-4942-8A39-390C0F6EC007}.Release|Any CPU.ActiveCfg = Release|Any CPU
		{8BC659ED-7C8B-4942-8A39-390C0F6EC007}.Release|Any CPU.Build.0 = Release|Any CPU
		{C87D1BD3-CC65-4E14-B9D5-E186AAE4CF8C}.Debug|Any CPU.ActiveCfg = Debug|Any CPU
		{C87D1BD3-CC65-4E14-B9D5-E186AAE4CF8C}.Debug|Any CPU.Build.0 = Debug|Any CPU
		{C87D1BD3-CC65-4E14-B9D5-E186AAE4CF8C}.Release|Any CPU.ActiveCfg = Release|Any CPU
		{C87D1BD3-CC65-4E14-B9D5-E186AAE4CF8C}.Release|Any CPU.Build.0 = Release|Any CPU
		{1F0F7243-7874-4BC7-83ED-677E9EC2475F}.Debug|Any CPU.ActiveCfg = Debug|Any CPU
		{1F0F7243-7874-4BC7-83ED-677E9EC2475F}.Debug|Any CPU.Build.0 = Debug|Any CPU
		{1F0F7243-7874-4BC7-83ED-677E9EC2475F}.Debug|Any CPU.Deploy.0 = Debug|Any CPU
		{1F0F7243-7874-4BC7-83ED-677E9EC2475F}.Release|Any CPU.ActiveCfg = Release|Any CPU
		{1F0F7243-7874-4BC7-83ED-677E9EC2475F}.Release|Any CPU.Build.0 = Release|Any CPU
		{1F0F7243-7874-4BC7-83ED-677E9EC2475F}.Release|Any CPU.Deploy.0 = Release|Any CPU
		{CE2F1661-C31F-428E-9559-EC4062CFF2C8}.Debug|Any CPU.ActiveCfg = Debug|Any CPU
		{CE2F1661-C31F-428E-9559-EC4062CFF2C8}.Debug|Any CPU.Build.0 = Debug|Any CPU
		{CE2F1661-C31F-428E-9559-EC4062CFF2C8}.Release|Any CPU.ActiveCfg = Release|Any CPU
		{CE2F1661-C31F-428E-9559-EC4062CFF2C8}.Release|Any CPU.Build.0 = Release|Any CPU
		{4DF08483-7218-4FDD-A032-7583E81D1D57}.Debug|Any CPU.ActiveCfg = Debug|Any CPU
		{4DF08483-7218-4FDD-A032-7583E81D1D57}.Debug|Any CPU.Build.0 = Debug|Any CPU
		{4DF08483-7218-4FDD-A032-7583E81D1D57}.Release|Any CPU.ActiveCfg = Release|Any CPU
		{4DF08483-7218-4FDD-A032-7583E81D1D57}.Release|Any CPU.Build.0 = Release|Any CPU
		{7F23200A-7FC9-417C-B985-3E088A1740B9}.Debug|Any CPU.ActiveCfg = Debug|Any CPU
		{7F23200A-7FC9-417C-B985-3E088A1740B9}.Debug|Any CPU.Build.0 = Debug|Any CPU
		{7F23200A-7FC9-417C-B985-3E088A1740B9}.Release|Any CPU.ActiveCfg = Release|Any CPU
		{7F23200A-7FC9-417C-B985-3E088A1740B9}.Release|Any CPU.Build.0 = Release|Any CPU
		{34DE7455-60ED-42E8-A028-54C746462CE4}.Debug|Any CPU.ActiveCfg = Debug|Any CPU
		{34DE7455-60ED-42E8-A028-54C746462CE4}.Debug|Any CPU.Build.0 = Debug|Any CPU
		{34DE7455-60ED-42E8-A028-54C746462CE4}.Release|Any CPU.ActiveCfg = Release|Any CPU
		{34DE7455-60ED-42E8-A028-54C746462CE4}.Release|Any CPU.Build.0 = Release|Any CPU
		{186A1D42-D02E-44F6-9540-D99BF642271E}.Debug|Any CPU.ActiveCfg = Debug|Any CPU
		{186A1D42-D02E-44F6-9540-D99BF642271E}.Debug|Any CPU.Build.0 = Debug|Any CPU
		{186A1D42-D02E-44F6-9540-D99BF642271E}.Release|Any CPU.ActiveCfg = Release|Any CPU
		{186A1D42-D02E-44F6-9540-D99BF642271E}.Release|Any CPU.Build.0 = Release|Any CPU
		{D4F38EBB-F4B5-425F-909E-5405F58ECC1A}.Debug|Any CPU.ActiveCfg = Debug|Any CPU
		{D4F38EBB-F4B5-425F-909E-5405F58ECC1A}.Debug|Any CPU.Build.0 = Debug|Any CPU
		{D4F38EBB-F4B5-425F-909E-5405F58ECC1A}.Release|Any CPU.ActiveCfg = Release|Any CPU
		{D4F38EBB-F4B5-425F-909E-5405F58ECC1A}.Release|Any CPU.Build.0 = Release|Any CPU
		{2871E474-EC02-4229-994A-A385DC7A36EF}.Debug|Any CPU.ActiveCfg = Debug|Any CPU
		{2871E474-EC02-4229-994A-A385DC7A36EF}.Debug|Any CPU.Build.0 = Debug|Any CPU
		{2871E474-EC02-4229-994A-A385DC7A36EF}.Release|Any CPU.ActiveCfg = Release|Any CPU
		{2871E474-EC02-4229-994A-A385DC7A36EF}.Release|Any CPU.Build.0 = Release|Any CPU
		{6C7B9E21-FD32-4EF0-8A4C-B8752F1DDC3C}.Debug|Any CPU.ActiveCfg = Debug|Any CPU
		{6C7B9E21-FD32-4EF0-8A4C-B8752F1DDC3C}.Debug|Any CPU.Build.0 = Debug|Any CPU
		{6C7B9E21-FD32-4EF0-8A4C-B8752F1DDC3C}.Release|Any CPU.ActiveCfg = Release|Any CPU
		{6C7B9E21-FD32-4EF0-8A4C-B8752F1DDC3C}.Release|Any CPU.Build.0 = Release|Any CPU
		{166BA235-5D1B-4E72-BE4E-3EDA55AFCDA6}.Debug|Any CPU.ActiveCfg = Debug|Any CPU
		{166BA235-5D1B-4E72-BE4E-3EDA55AFCDA6}.Debug|Any CPU.Build.0 = Debug|Any CPU
		{166BA235-5D1B-4E72-BE4E-3EDA55AFCDA6}.Release|Any CPU.ActiveCfg = Release|Any CPU
		{166BA235-5D1B-4E72-BE4E-3EDA55AFCDA6}.Release|Any CPU.Build.0 = Release|Any CPU
	EndGlobalSection
	GlobalSection(SolutionProperties) = preSolution
		HideSolutionNode = FALSE
	EndGlobalSection
	GlobalSection(NestedProjects) = preSolution
		{B1AB48CC-2FC7-4983-8AF0-0D1B122CD5A6} = {50F7F63C-6DA2-4CDB-AD15-94CDF2A7C2BF}
		{DE7F63B6-851D-412B-9E19-DEBE71CC95D5} = {37304914-1EBE-409A-BD95-57FAAFD67896}
		{8BC659ED-7C8B-4942-8A39-390C0F6EC007} = {470BB303-3AA7-450A-B8CE-5E892EFC0A13}
		{C87D1BD3-CC65-4E14-B9D5-E186AAE4CF8C} = {470BB303-3AA7-450A-B8CE-5E892EFC0A13}
		{04DB5595-65E5-4632-B9E7-0D3937FD28C8} = {37304914-1EBE-409A-BD95-57FAAFD67896}
		{1F0F7243-7874-4BC7-83ED-677E9EC2475F} = {04DB5595-65E5-4632-B9E7-0D3937FD28C8}
		{CE2F1661-C31F-428E-9559-EC4062CFF2C8} = {1081FBEB-2268-494F-85A6-203F51E30B82}
		{4DF08483-7218-4FDD-A032-7583E81D1D57} = {1081FBEB-2268-494F-85A6-203F51E30B82}
		{7F23200A-7FC9-417C-B985-3E088A1740B9} = {1081FBEB-2268-494F-85A6-203F51E30B82}
		{50F7F63C-6DA2-4CDB-AD15-94CDF2A7C2BF} = {37304914-1EBE-409A-BD95-57FAAFD67896}
		{34DE7455-60ED-42E8-A028-54C746462CE4} = {50F7F63C-6DA2-4CDB-AD15-94CDF2A7C2BF}
		{186A1D42-D02E-44F6-9540-D99BF642271E} = {C6BDD4E5-1958-4E51-A798-D9912E341523}
		{D4F38EBB-F4B5-425F-909E-5405F58ECC1A} = {45B13234-D4AA-4BDF-9B66-AA087041A6D1}
		{2871E474-EC02-4229-994A-A385DC7A36EF} = {DE7F63B6-851D-412B-9E19-DEBE71CC95D5}
		{D19ED475-AC9E-474B-8569-CF1620AFC918} = {1081FBEB-2268-494F-85A6-203F51E30B82}
		{6C7B9E21-FD32-4EF0-8A4C-B8752F1DDC3C} = {D19ED475-AC9E-474B-8569-CF1620AFC918}
		{F1F12294-C9BD-4783-A8CB-B2FC272DC885} = {470BB303-3AA7-450A-B8CE-5E892EFC0A13}
		{166BA235-5D1B-4E72-BE4E-3EDA55AFCDA6} = {F1F12294-C9BD-4783-A8CB-B2FC272DC885}
	EndGlobalSection
	GlobalSection(ExtensibilityGlobals) = postSolution
		SolutionGuid = {29B38AB7-EEFA-47A0-BA3C-79EF4DBEBED8}
	EndGlobalSection
EndGlobal
